
Microsoft Visual Studio Solution File, Format Version 12.00
# Visual Studio Version 16
VisualStudioVersion = 16.0.33801.447
MinimumVisualStudioVersion = 10.0.40219.1
Project("{FAE04EC0-301F-11D3-BF4B-00C04F79EFBC}") = "boring", "boring\boring.csproj", "{7DBF7601-5277-4E12-AC55-A4E24B250502}"
EndProject
Global
	GlobalSection(SolutionConfigurationPlatforms) = preSolution
		Debug|Any CPU = Debug|Any CPU
		Release|Any CPU = Release|Any CPU
	EndGlobalSection
	GlobalSection(ProjectConfigurationPlatforms) = postSolution
		{7DBF7601-5277-4E12-AC55-A4E24B250502}.Debug|Any CPU.ActiveCfg = Debug|Any CPU
		{7DBF7601-5277-4E12-AC55-A4E24B250502}.Debug|Any CPU.Build.0 = Debug|Any CPU
		{7DBF7601-5277-4E12-AC55-A4E24B250502}.Release|Any CPU.ActiveCfg = Release|Any CPU
		{7DBF7601-5277-4E12-AC55-A4E24B250502}.Release|Any CPU.Build.0 = Release|Any CPU
	EndGlobalSection
	GlobalSection(SolutionProperties) = preSolution
		HideSolutionNode = FALSE
	EndGlobalSection
	GlobalSection(ExtensibilityGlobals) = postSolution
		SolutionGuid = {0FE964FC-FBFF-4542-BFCE-3E6B963758BD}
	EndGlobalSection
EndGlobal
